
Microsoft Visual Studio Solution File, Format Version 12.00
# Visual Studio Version 17
VisualStudioVersion = 17.8.34330.188
MinimumVisualStudioVersion = 10.0.40219.1
Project("{FAE04EC0-301F-11D3-BF4B-00C04F79EFBC}") = "prop2", "prop2\prop2.csproj", "{631FA361-E31F-4091-888B-52C908689DF4}"
EndProject
Global
	GlobalSection(SolutionConfigurationPlatforms) = preSolution
		Debug|Any CPU = Debug|Any CPU
		Release|Any CPU = Release|Any CPU
	EndGlobalSection
	GlobalSection(ProjectConfigurationPlatforms) = postSolution
		{631FA361-E31F-4091-888B-52C908689DF4}.Debug|Any CPU.ActiveCfg = Debug|Any CPU
		{631FA361-E31F-4091-888B-52C908689DF4}.Debug|Any CPU.Build.0 = Debug|Any CPU
		{631FA361-E31F-4091-888B-52C908689DF4}.Release|Any CPU.ActiveCfg = Release|Any CPU
		{631FA361-E31F-4091-888B-52C908689DF4}.Release|Any CPU.Build.0 = Release|Any CPU
	EndGlobalSection
	GlobalSection(SolutionProperties) = preSolution
		HideSolutionNode = FALSE
	EndGlobalSection
	GlobalSection(ExtensibilityGlobals) = postSolution
		SolutionGuid = {93B0FB42-878F-4E69-B119-A6AB63A98163}
	EndGlobalSection
EndGlobal
